// !$*UTF8*$!
{
	archiveVersion = 1;
	classes = {
	};
	objectVersion = 46;
	objects = {

/* Begin PBXFileReference section */
		A7BD809615188CC000272BB0 /* jcom.gang.cpp */ = {isa = PBXFileReference; lastKnownFileType = sourcecode.cpp.cpp; path = jcom.gang.cpp; sourceTree = "<group>"; };
/* End PBXFileReference section */

/* Begin PBXGroup section */
		A7BD808415188C8300272BB0 = {
			isa = PBXGroup;
			children = (
				A7BD809515188CB400272BB0 /* Sources */,
			);
			sourceTree = "<group>";
		};
		A7BD809515188CB400272BB0 /* Sources */ = {
			isa = PBXGroup;
			children = (
				A7BD809615188CC000272BB0 /* jcom.gang.cpp */,
			);
			name = Sources;
			sourceTree = "<group>";
		};
/* End PBXGroup section */

/* Begin PBXLegacyTarget section */
		A7BD808B15188C8500272BB0 /* jcom.gang */ = {
			isa = PBXLegacyTarget;
			buildArgumentsString = "$(ACTION) $(CONFIGURATION)";
			buildConfigurationList = A7BD808E15188C8500272BB0 /* Build configuration list for PBXLegacyTarget "jcom.gang" */;
			buildPhases = (
			);
			buildToolPath = /usr/bin/make;
			buildWorkingDirectory = "";
			dependencies = (
			);
			name = jcom.gang;
			passBuildSettingsInEnvironment = 1;
			productName = jcom;
		};
/* End PBXLegacyTarget section */

/* Begin PBXProject section */
		A7BD808615188C8300272BB0 /* Project object */ = {
			isa = PBXProject;
			attributes = {
				LastUpgradeCheck = 0450;
				ORGANIZATIONNAME = "BEK - Bergen senter for elektronisk kunst";
			};
			buildConfigurationList = A7BD808915188C8300272BB0 /* Build configuration list for PBXProject "jcom.gang" */;
			compatibilityVersion = "Xcode 3.2";
			developmentRegion = English;
			hasScannedForEncodings = 0;
			knownRegions = (
				en,
			);
			mainGroup = A7BD808415188C8300272BB0;
			projectDirPath = "";
			projectRoot = "";
			targets = (
				A7BD808B15188C8500272BB0 /* jcom.gang */,
			);
		};
/* End PBXProject section */

/* Begin XCBuildConfiguration section */
		A7BD808C15188C8500272BB0 /* Debug */ = {
			isa = XCBuildConfiguration;
			buildSettings = {
				ALWAYS_SEARCH_USER_PATHS = NO;
				ARCHS = "$(ARCHS_STANDARD_64_BIT)";
				CLANG_ENABLE_OBJC_ARC = YES;
				COPY_PHASE_STRIP = NO;
				GCC_C_LANGUAGE_STANDARD = gnu99;
				GCC_DYNAMIC_NO_PIC = NO;
				GCC_ENABLE_OBJC_EXCEPTIONS = YES;
				GCC_OPTIMIZATION_LEVEL = 0;
				GCC_PREPROCESSOR_DEFINITIONS = (
					"DEBUG=1",
					"$(inherited)",
				);
				GCC_SYMBOLS_PRIVATE_EXTERN = NO;
				GCC_VERSION = com.apple.compilers.llvm.clang.1_0;
				GCC_WARN_64_TO_32_BIT_CONVERSION = YES;
				GCC_WARN_ABOUT_MISSING_PROTOTYPES = YES;
				GCC_WARN_ABOUT_RETURN_TYPE = YES;
				GCC_WARN_UNUSED_VARIABLE = YES;
				MACOSX_DEPLOYMENT_TARGET = 10.7;
				ONLY_ACTIVE_ARCH = YES;
				SDKROOT = macosx;
			};
			name = Debug;
		};
		A7BD808D15188C8500272BB0 /* Release */ = {
			isa = XCBuildConfiguration;
			buildSettings = {
				ALWAYS_SEARCH_USER_PATHS = NO;
				ARCHS = "$(ARCHS_STANDARD_64_BIT)";
				CLANG_ENABLE_OBJC_ARC = YES;
				COPY_PHASE_STRIP = YES;
				DEBUG_INFORMATION_FORMAT = "dwarf-with-dsym";
				GCC_C_LANGUAGE_STANDARD = gnu99;
				GCC_ENABLE_OBJC_EXCEPTIONS = YES;
				GCC_VERSION = com.apple.compilers.llvm.clang.1_0;
				GCC_WARN_64_TO_32_BIT_CONVERSION = YES;
				GCC_WARN_ABOUT_MISSING_PROTOTYPES = YES;
				GCC_WARN_ABOUT_RETURN_TYPE = YES;
				GCC_WARN_UNUSED_VARIABLE = YES;
				MACOSX_DEPLOYMENT_TARGET = 10.7;
				SDKROOT = macosx;
			};
			name = Release;
		};
		A7BD808F15188C8500272BB0 /* Debug */ = {
			isa = XCBuildConfiguration;
			buildSettings = {
				COMBINE_HIDPI_IMAGES = YES;
				DEBUGGING_SYMBOLS = YES;
				GCC_GENERATE_DEBUGGING_SYMBOLS = YES;
				GCC_OPTIMIZATION_LEVEL = 0;
				OTHER_CFLAGS = "";
				OTHER_LDFLAGS = "";
				PRODUCT_NAME = jcom.gang;
			};
			name = Debug;
		};
		A7BD809015188C8500272BB0 /* Release */ = {
			isa = XCBuildConfiguration;
			buildSettings = {
				COMBINE_HIDPI_IMAGES = YES;
				OTHER_CFLAGS = "";
				OTHER_LDFLAGS = "";
				PRODUCT_NAME = jcom.gang;
			};
			name = Release;
		};
/* End XCBuildConfiguration section */

/* Begin XCConfigurationList section */
		A7BD808915188C8300272BB0 /* Build configuration list for PBXProject "jcom.gang" */ = {
			isa = XCConfigurationList;
			buildConfigurations = (
				A7BD808C15188C8500272BB0 /* Debug */,
				A7BD808D15188C8500272BB0 /* Release */,
			);
			defaultConfigurationIsVisible = 0;
			defaultConfigurationName = Release;
		};
		A7BD808E15188C8500272BB0 /* Build configuration list for PBXLegacyTarget "jcom.gang" */ = {
			isa = XCConfigurationList;
			buildConfigurations = (
				A7BD808F15188C8500272BB0 /* Debug */,
				A7BD809015188C8500272BB0 /* Release */,
			);
			defaultConfigurationIsVisible = 0;
			defaultConfigurationName = Release;
		};
/* End XCConfigurationList section */
	};
	rootObject = A7BD808615188C8300272BB0 /* Project object */;
}
