// !$*UTF8*$!
{
	archiveVersion = 1;
	classes = {
	};
	objectVersion = 46;
	objects = {

/* Begin PBXFileReference section */
		4697FB3917D9FE0C0038ABAC /* j.minuit.cpp */ = {isa = PBXFileReference; lastKnownFileType = sourcecode.cpp.cpp; path = j.minuit.cpp; sourceTree = "<group>"; };
		4697FB3A17D9FE1B0038ABAC /* TTModularClassWrapperMax.cpp */ = {isa = PBXFileReference; lastKnownFileType = sourcecode.cpp.cpp; name = TTModularClassWrapperMax.cpp; path = ../classwrapper/TTModularClassWrapperMax.cpp; sourceTree = "<group>"; };
		4697FB3B17D9FE1C0038ABAC /* TTModularClassWrapperMax.h */ = {isa = PBXFileReference; lastKnownFileType = sourcecode.c.h; name = TTModularClassWrapperMax.h; path = ../classwrapper/TTModularClassWrapperMax.h; sourceTree = "<group>"; };
		4697FB3C17D9FE440038ABAC /* j.minuit.h */ = {isa = PBXFileReference; lastKnownFileType = sourcecode.c.h; path = j.minuit.h; sourceTree = "<group>"; };
		4697FB3D17DA09030038ABAC /* j.minuit.yml */ = {isa = PBXFileReference; lastKnownFileType = text; path = j.minuit.yml; sourceTree = "<group>"; };
/* End PBXFileReference section */

/* Begin PBXGroup section */
		4697FB2E17D9FDBA0038ABAC = {
			isa = PBXGroup;
			children = (
				4697FB3D17DA09030038ABAC /* j.minuit.yml */,
				4697FB3C17D9FE440038ABAC /* j.minuit.h */,
				4697FB3917D9FE0C0038ABAC /* j.minuit.cpp */,
				4697FB3B17D9FE1C0038ABAC /* TTModularClassWrapperMax.h */,
				4697FB3A17D9FE1B0038ABAC /* TTModularClassWrapperMax.cpp */,
			);
			sourceTree = "<group>";
		};
/* End PBXGroup section */

/* Begin PBXLegacyTarget section */
		4697FB3317D9FDBA0038ABAC /* j.minuit */ = {
			isa = PBXLegacyTarget;
			buildArgumentsString = "$(ACTION) $(Configuration)";
			buildConfigurationList = 4697FB3617D9FDBA0038ABAC /* Build configuration list for PBXLegacyTarget "j.minuit" */;
			buildPhases = (
			);
			buildToolPath = /usr/bin/make;
			buildWorkingDirectory = "";
			dependencies = (
			);
			name = j.minuit;
			passBuildSettingsInEnvironment = 1;
			productName = j.minuit;
		};
/* End PBXLegacyTarget section */

/* Begin PBXProject section */
		4697FB2F17D9FDBA0038ABAC /* Project object */ = {
			isa = PBXProject;
			attributes = {
				LastUpgradeCheck = 0460;
				ORGANIZATIONNAME = Jamoma;
			};
			buildConfigurationList = 4697FB3217D9FDBA0038ABAC /* Build configuration list for PBXProject "j.minuit" */;
			compatibilityVersion = "Xcode 3.2";
			developmentRegion = English;
			hasScannedForEncodings = 0;
			knownRegions = (
				en,
			);
			mainGroup = 4697FB2E17D9FDBA0038ABAC;
			projectDirPath = "";
			projectRoot = "";
			targets = (
				4697FB3317D9FDBA0038ABAC /* j.minuit */,
			);
		};
/* End PBXProject section */

/* Begin XCBuildConfiguration section */
		4697FB3417D9FDBA0038ABAC /* Debug */ = {
			isa = XCBuildConfiguration;
			buildSettings = {
				ALWAYS_SEARCH_USER_PATHS = NO;
				ARCHS = "$(ARCHS_STANDARD_64_BIT)";
				CLANG_CXX_LANGUAGE_STANDARD = "gnu++0x";
				CLANG_CXX_LIBRARY = "libc++";
				CLANG_WARN_CONSTANT_CONVERSION = YES;
				CLANG_WARN_EMPTY_BODY = YES;
				CLANG_WARN_ENUM_CONVERSION = YES;
				CLANG_WARN_INT_CONVERSION = YES;
				CLANG_WARN__DUPLICATE_METHOD_MATCH = YES;
				COPY_PHASE_STRIP = NO;
				GCC_C_LANGUAGE_STANDARD = gnu99;
				GCC_DYNAMIC_NO_PIC = NO;
				GCC_ENABLE_OBJC_EXCEPTIONS = YES;
				GCC_OPTIMIZATION_LEVEL = 0;
				GCC_PREPROCESSOR_DEFINITIONS = (
					"DEBUG=1",
					"$(inherited)",
				);
				GCC_SYMBOLS_PRIVATE_EXTERN = NO;
				GCC_WARN_64_TO_32_BIT_CONVERSION = YES;
				GCC_WARN_ABOUT_RETURN_TYPE = YES;
				GCC_WARN_UNINITIALIZED_AUTOS = YES;
				GCC_WARN_UNUSED_VARIABLE = YES;
				MACOSX_DEPLOYMENT_TARGET = 10.8;
				ONLY_ACTIVE_ARCH = YES;
				SDKROOT = macosx;
			};
			name = Debug;
		};
		4697FB3517D9FDBA0038ABAC /* Release */ = {
			isa = XCBuildConfiguration;
			buildSettings = {
				ALWAYS_SEARCH_USER_PATHS = NO;
				ARCHS = "$(ARCHS_STANDARD_64_BIT)";
				CLANG_CXX_LANGUAGE_STANDARD = "gnu++0x";
				CLANG_CXX_LIBRARY = "libc++";
				CLANG_WARN_CONSTANT_CONVERSION = YES;
				CLANG_WARN_EMPTY_BODY = YES;
				CLANG_WARN_ENUM_CONVERSION = YES;
				CLANG_WARN_INT_CONVERSION = YES;
				CLANG_WARN__DUPLICATE_METHOD_MATCH = YES;
				COPY_PHASE_STRIP = YES;
				DEBUG_INFORMATION_FORMAT = "dwarf-with-dsym";
				GCC_C_LANGUAGE_STANDARD = gnu99;
				GCC_ENABLE_OBJC_EXCEPTIONS = YES;
				GCC_WARN_64_TO_32_BIT_CONVERSION = YES;
				GCC_WARN_ABOUT_RETURN_TYPE = YES;
				GCC_WARN_UNINITIALIZED_AUTOS = YES;
				GCC_WARN_UNUSED_VARIABLE = YES;
				MACOSX_DEPLOYMENT_TARGET = 10.8;
				SDKROOT = macosx;
			};
			name = Release;
		};
		4697FB3717D9FDBA0038ABAC /* Debug */ = {
			isa = XCBuildConfiguration;
			buildSettings = {
				DEBUGGING_SYMBOLS = YES;
				GCC_GENERATE_DEBUGGING_SYMBOLS = YES;
				GCC_OPTIMIZATION_LEVEL = 0;
				OTHER_CFLAGS = "";
				OTHER_LDFLAGS = "";
				PRODUCT_NAME = "$(TARGET_NAME)";
			};
			name = Debug;
		};
		4697FB3817D9FDBA0038ABAC /* Release */ = {
			isa = XCBuildConfiguration;
			buildSettings = {
				OTHER_CFLAGS = "";
				OTHER_LDFLAGS = "";
				PRODUCT_NAME = "$(TARGET_NAME)";
			};
			name = Release;
		};
/* End XCBuildConfiguration section */

/* Begin XCConfigurationList section */
		4697FB3217D9FDBA0038ABAC /* Build configuration list for PBXProject "j.minuit" */ = {
			isa = XCConfigurationList;
			buildConfigurations = (
				4697FB3417D9FDBA0038ABAC /* Debug */,
				4697FB3517D9FDBA0038ABAC /* Release */,
			);
			defaultConfigurationIsVisible = 0;
			defaultConfigurationName = Release;
		};
		4697FB3617D9FDBA0038ABAC /* Build configuration list for PBXLegacyTarget "j.minuit" */ = {
			isa = XCConfigurationList;
			buildConfigurations = (
				4697FB3717D9FDBA0038ABAC /* Debug */,
				4697FB3817D9FDBA0038ABAC /* Release */,
			);
			defaultConfigurationIsVisible = 0;
			defaultConfigurationName = Release;
		};
/* End XCConfigurationList section */
	};
	rootObject = 4697FB2F17D9FDBA0038ABAC /* Project object */;
}
