// !$*UTF8*$!
{
	archiveVersion = 1;
	classes = {
	};
	objectVersion = 46;
	objects = {

/* Begin PBXFileReference section */
		A79D06F51655BD7100D02D46 /* Angle.h */ = {isa = PBXFileReference; lastKnownFileType = sourcecode.c.h; path = Angle.h; sourceTree = "<group>"; };
		A79D06F61655BD7100D02D46 /* Coordinate.h */ = {isa = PBXFileReference; lastKnownFileType = sourcecode.c.h; path = Coordinate.h; sourceTree = "<group>"; };
		A79D06F71655BD7100D02D46 /* CrossFade.h */ = {isa = PBXFileReference; lastKnownFileType = sourcecode.c.h; path = CrossFade.h; sourceTree = "<group>"; };
		A79D06F81655BD7100D02D46 /* CrossFadeQueue.h */ = {isa = PBXFileReference; lastKnownFileType = sourcecode.c.h; path = CrossFadeQueue.h; sourceTree = "<group>"; };
		A79D06F91655BD7100D02D46 /* Filter.h */ = {isa = PBXFileReference; lastKnownFileType = sourcecode.c.h; path = Filter.h; sourceTree = "<group>"; };
		A79D06FA1655BD7100D02D46 /* HiMidLow.h */ = {isa = PBXFileReference; lastKnownFileType = sourcecode.c.h; path = HiMidLow.h; sourceTree = "<group>"; };
		A79D06FB1655BD7100D02D46 /* jcom.vimic~.h */ = {isa = PBXFileReference; lastKnownFileType = sourcecode.c.h; path = "jcom.vimic~.h"; sourceTree = "<group>"; };
		A79D06FC1655BD7100D02D46 /* LowPass.h */ = {isa = PBXFileReference; lastKnownFileType = sourcecode.c.h; path = LowPass.h; sourceTree = "<group>"; };
		A79D06FD1655BD7100D02D46 /* Mic.h */ = {isa = PBXFileReference; lastKnownFileType = sourcecode.c.h; path = Mic.h; sourceTree = "<group>"; };
		A79D06FE1655BD7100D02D46 /* MicArray.h */ = {isa = PBXFileReference; lastKnownFileType = sourcecode.c.h; path = MicArray.h; sourceTree = "<group>"; };
		A79D06FF1655BD7100D02D46 /* Mirror.h */ = {isa = PBXFileReference; lastKnownFileType = sourcecode.c.h; path = Mirror.h; sourceTree = "<group>"; };
		A79D07001655BD7100D02D46 /* Moveable.h */ = {isa = PBXFileReference; lastKnownFileType = sourcecode.c.h; path = Moveable.h; sourceTree = "<group>"; };
		A79D07011655BD7100D02D46 /* Properties.h */ = {isa = PBXFileReference; lastKnownFileType = sourcecode.c.h; path = Properties.h; sourceTree = "<group>"; };
		A79D07021655BD7100D02D46 /* Room.h */ = {isa = PBXFileReference; lastKnownFileType = sourcecode.c.h; path = Room.h; sourceTree = "<group>"; };
		A79D07031655BD7100D02D46 /* Source.h */ = {isa = PBXFileReference; lastKnownFileType = sourcecode.c.h; path = Source.h; sourceTree = "<group>"; };
		A79D07041655BD7100D02D46 /* ViMic_Engine.h */ = {isa = PBXFileReference; lastKnownFileType = sourcecode.c.h; path = ViMic_Engine.h; sourceTree = "<group>"; };
		A79D07071655BD9800D02D46 /* Angle.cpp */ = {isa = PBXFileReference; lastKnownFileType = sourcecode.cpp.cpp; path = Angle.cpp; sourceTree = "<group>"; };
		A79D07081655BD9800D02D46 /* Coordinate.cpp */ = {isa = PBXFileReference; lastKnownFileType = sourcecode.cpp.cpp; path = Coordinate.cpp; sourceTree = "<group>"; };
		A79D07091655BD9800D02D46 /* CrossFade.cpp */ = {isa = PBXFileReference; lastKnownFileType = sourcecode.cpp.cpp; path = CrossFade.cpp; sourceTree = "<group>"; };
		A79D070A1655BD9800D02D46 /* CrossFadeQueue.cpp */ = {isa = PBXFileReference; lastKnownFileType = sourcecode.cpp.cpp; path = CrossFadeQueue.cpp; sourceTree = "<group>"; };
		A79D070B1655BD9800D02D46 /* Filter.cpp */ = {isa = PBXFileReference; lastKnownFileType = sourcecode.cpp.cpp; path = Filter.cpp; sourceTree = "<group>"; };
		A79D070C1655BD9800D02D46 /* HiMidLow.cpp */ = {isa = PBXFileReference; lastKnownFileType = sourcecode.cpp.cpp; path = HiMidLow.cpp; sourceTree = "<group>"; };
		A79D070D1655BD9800D02D46 /* jcom.vimic~.cpp */ = {isa = PBXFileReference; lastKnownFileType = sourcecode.cpp.cpp; path = "jcom.vimic~.cpp"; sourceTree = "<group>"; };
		A79D070E1655BD9800D02D46 /* LowPass.cpp */ = {isa = PBXFileReference; lastKnownFileType = sourcecode.cpp.cpp; path = LowPass.cpp; sourceTree = "<group>"; };
		A79D070F1655BD9800D02D46 /* Mic.cpp */ = {isa = PBXFileReference; lastKnownFileType = sourcecode.cpp.cpp; path = Mic.cpp; sourceTree = "<group>"; };
		A79D07101655BD9800D02D46 /* MicArray.cpp */ = {isa = PBXFileReference; lastKnownFileType = sourcecode.cpp.cpp; path = MicArray.cpp; sourceTree = "<group>"; };
		A79D07111655BD9800D02D46 /* Mirror.cpp */ = {isa = PBXFileReference; lastKnownFileType = sourcecode.cpp.cpp; path = Mirror.cpp; sourceTree = "<group>"; };
		A79D07121655BD9800D02D46 /* Moveable.cpp */ = {isa = PBXFileReference; lastKnownFileType = sourcecode.cpp.cpp; path = Moveable.cpp; sourceTree = "<group>"; };
		A79D07131655BD9800D02D46 /* Room.cpp */ = {isa = PBXFileReference; lastKnownFileType = sourcecode.cpp.cpp; path = Room.cpp; sourceTree = "<group>"; };
		A79D07141655BD9800D02D46 /* Source.cpp */ = {isa = PBXFileReference; lastKnownFileType = sourcecode.cpp.cpp; path = Source.cpp; sourceTree = "<group>"; };
		A79D07151655BD9800D02D46 /* ViMic_Engine.cpp */ = {isa = PBXFileReference; lastKnownFileType = sourcecode.cpp.cpp; path = ViMic_Engine.cpp; sourceTree = "<group>"; };
		A79D07171655BDBF00D02D46 /* jcom.vimic~.yml */ = {isa = PBXFileReference; lastKnownFileType = text; path = "jcom.vimic~.yml"; sourceTree = "<group>"; };
		A79D07181655BDDB00D02D46 /* TODO */ = {isa = PBXFileReference; lastKnownFileType = text; path = TODO; sourceTree = "<group>"; };
/* End PBXFileReference section */

/* Begin PBXGroup section */
		A79D06E51655BD4000D02D46 = {
			isa = PBXGroup;
			children = (
				A79D07171655BDBF00D02D46 /* jcom.vimic~.yml */,
				A79D07181655BDDB00D02D46 /* TODO */,
				A79D07061655BD7600D02D46 /* include */,
				A79D07161655BD9F00D02D46 /* sources */,
			);
			sourceTree = "<group>";
		};
		A79D07061655BD7600D02D46 /* include */ = {
			isa = PBXGroup;
			children = (
				A79D06F51655BD7100D02D46 /* Angle.h */,
				A79D06F61655BD7100D02D46 /* Coordinate.h */,
				A79D06F71655BD7100D02D46 /* CrossFade.h */,
				A79D06F81655BD7100D02D46 /* CrossFadeQueue.h */,
				A79D06F91655BD7100D02D46 /* Filter.h */,
				A79D06FA1655BD7100D02D46 /* HiMidLow.h */,
				A79D06FB1655BD7100D02D46 /* jcom.vimic~.h */,
				A79D06FC1655BD7100D02D46 /* LowPass.h */,
				A79D06FD1655BD7100D02D46 /* Mic.h */,
				A79D06FE1655BD7100D02D46 /* MicArray.h */,
				A79D06FF1655BD7100D02D46 /* Mirror.h */,
				A79D07001655BD7100D02D46 /* Moveable.h */,
				A79D07011655BD7100D02D46 /* Properties.h */,
				A79D07021655BD7100D02D46 /* Room.h */,
				A79D07031655BD7100D02D46 /* Source.h */,
				A79D07041655BD7100D02D46 /* ViMic_Engine.h */,
			);
			name = include;
			sourceTree = "<group>";
		};
		A79D07161655BD9F00D02D46 /* sources */ = {
			isa = PBXGroup;
			children = (
				A79D07071655BD9800D02D46 /* Angle.cpp */,
				A79D07081655BD9800D02D46 /* Coordinate.cpp */,
				A79D07091655BD9800D02D46 /* CrossFade.cpp */,
				A79D070A1655BD9800D02D46 /* CrossFadeQueue.cpp */,
				A79D070B1655BD9800D02D46 /* Filter.cpp */,
				A79D070C1655BD9800D02D46 /* HiMidLow.cpp */,
				A79D070D1655BD9800D02D46 /* jcom.vimic~.cpp */,
				A79D070E1655BD9800D02D46 /* LowPass.cpp */,
				A79D070F1655BD9800D02D46 /* Mic.cpp */,
				A79D07101655BD9800D02D46 /* MicArray.cpp */,
				A79D07111655BD9800D02D46 /* Mirror.cpp */,
				A79D07121655BD9800D02D46 /* Moveable.cpp */,
				A79D07131655BD9800D02D46 /* Room.cpp */,
				A79D07141655BD9800D02D46 /* Source.cpp */,
				A79D07151655BD9800D02D46 /* ViMic_Engine.cpp */,
			);
			name = sources;
			sourceTree = "<group>";
		};
/* End PBXGroup section */

/* Begin PBXLegacyTarget section */
		A79D06EC1655BD4000D02D46 /* jcom.vimic~ */ = {
			isa = PBXLegacyTarget;
			buildArgumentsString = "$(ACTION)";
			buildConfigurationList = A79D06EF1655BD4000D02D46 /* Build configuration list for PBXLegacyTarget "jcom.vimic~" */;
			buildPhases = (
			);
			buildToolPath = /usr/bin/make;
			dependencies = (
			);
			name = "jcom.vimic~";
			passBuildSettingsInEnvironment = 1;
			productName = "jcom.vimic~";
		};
/* End PBXLegacyTarget section */

/* Begin PBXProject section */
		A79D06E71655BD4000D02D46 /* Project object */ = {
			isa = PBXProject;
			attributes = {
				LastUpgradeCheck = 0450;
				ORGANIZATIONNAME = org.jamoma;
			};
			buildConfigurationList = A79D06EA1655BD4000D02D46 /* Build configuration list for PBXProject "jcom.vimic~" */;
			compatibilityVersion = "Xcode 3.2";
			developmentRegion = English;
			hasScannedForEncodings = 0;
			knownRegions = (
				en,
			);
			mainGroup = A79D06E51655BD4000D02D46;
			projectDirPath = "";
			projectRoot = "";
			targets = (
				A79D06EC1655BD4000D02D46 /* jcom.vimic~ */,
			);
		};
/* End PBXProject section */

/* Begin XCBuildConfiguration section */
		A79D06ED1655BD4000D02D46 /* Debug */ = {
			isa = XCBuildConfiguration;
			buildSettings = {
				ALWAYS_SEARCH_USER_PATHS = NO;
				ARCHS = "$(ARCHS_STANDARD_64_BIT)";
				CLANG_CXX_LANGUAGE_STANDARD = "gnu++0x";
				CLANG_CXX_LIBRARY = "libc++";
				CLANG_WARN_EMPTY_BODY = YES;
				CLANG_WARN__DUPLICATE_METHOD_MATCH = YES;
				COPY_PHASE_STRIP = NO;
				GCC_C_LANGUAGE_STANDARD = gnu99;
				GCC_DYNAMIC_NO_PIC = NO;
				GCC_ENABLE_OBJC_EXCEPTIONS = YES;
				GCC_OPTIMIZATION_LEVEL = 0;
				GCC_PREPROCESSOR_DEFINITIONS = (
					"DEBUG=1",
					"$(inherited)",
				);
				GCC_SYMBOLS_PRIVATE_EXTERN = NO;
				GCC_WARN_64_TO_32_BIT_CONVERSION = YES;
				GCC_WARN_ABOUT_RETURN_TYPE = YES;
				GCC_WARN_UNINITIALIZED_AUTOS = YES;
				GCC_WARN_UNUSED_VARIABLE = YES;
				MACOSX_DEPLOYMENT_TARGET = 10.8;
				ONLY_ACTIVE_ARCH = YES;
				SDKROOT = macosx;
			};
			name = Debug;
		};
		A79D06EE1655BD4000D02D46 /* Release */ = {
			isa = XCBuildConfiguration;
			buildSettings = {
				ALWAYS_SEARCH_USER_PATHS = NO;
				ARCHS = "$(ARCHS_STANDARD_64_BIT)";
				CLANG_CXX_LANGUAGE_STANDARD = "gnu++0x";
				CLANG_CXX_LIBRARY = "libc++";
				CLANG_WARN_EMPTY_BODY = YES;
				CLANG_WARN__DUPLICATE_METHOD_MATCH = YES;
				COPY_PHASE_STRIP = YES;
				DEBUG_INFORMATION_FORMAT = "dwarf-with-dsym";
				GCC_C_LANGUAGE_STANDARD = gnu99;
				GCC_ENABLE_OBJC_EXCEPTIONS = YES;
				GCC_WARN_64_TO_32_BIT_CONVERSION = YES;
				GCC_WARN_ABOUT_RETURN_TYPE = YES;
				GCC_WARN_UNINITIALIZED_AUTOS = YES;
				GCC_WARN_UNUSED_VARIABLE = YES;
				MACOSX_DEPLOYMENT_TARGET = 10.8;
				SDKROOT = macosx;
			};
			name = Release;
		};
		A79D06F01655BD4000D02D46 /* Debug */ = {
			isa = XCBuildConfiguration;
			buildSettings = {
				DEBUGGING_SYMBOLS = YES;
				GCC_GENERATE_DEBUGGING_SYMBOLS = YES;
				GCC_OPTIMIZATION_LEVEL = 0;
				OTHER_CFLAGS = "";
				OTHER_LDFLAGS = "";
				PRODUCT_NAME = "$(TARGET_NAME)";
			};
			name = Debug;
		};
		A79D06F11655BD4000D02D46 /* Release */ = {
			isa = XCBuildConfiguration;
			buildSettings = {
				OTHER_CFLAGS = "";
				OTHER_LDFLAGS = "";
				PRODUCT_NAME = "$(TARGET_NAME)";
			};
			name = Release;
		};
/* End XCBuildConfiguration section */

/* Begin XCConfigurationList section */
		A79D06EA1655BD4000D02D46 /* Build configuration list for PBXProject "jcom.vimic~" */ = {
			isa = XCConfigurationList;
			buildConfigurations = (
				A79D06ED1655BD4000D02D46 /* Debug */,
				A79D06EE1655BD4000D02D46 /* Release */,
			);
			defaultConfigurationIsVisible = 0;
			defaultConfigurationName = Release;
		};
		A79D06EF1655BD4000D02D46 /* Build configuration list for PBXLegacyTarget "jcom.vimic~" */ = {
			isa = XCConfigurationList;
			buildConfigurations = (
				A79D06F01655BD4000D02D46 /* Debug */,
				A79D06F11655BD4000D02D46 /* Release */,
			);
			defaultConfigurationIsVisible = 0;
			defaultConfigurationName = Release;
		};
/* End XCConfigurationList section */
	};
	rootObject = A79D06E71655BD4000D02D46 /* Project object */;
}
