// !$*UTF8*$!
{
	archiveVersion = 1;
	classes = {
	};
	objectVersion = 46;
	objects = {

/* Begin PBXFileReference section */
		A7F8BFCC192226380007A716 /* j.max.stencil.cpp */ = {isa = PBXFileReference; lastKnownFileType = sourcecode.cpp.cpp; path = j.max.stencil.cpp; sourceTree = "<group>"; };
		A7F8BFCE1922264C0007A716 /* Makefile */ = {isa = PBXFileReference; lastKnownFileType = sourcecode.make; path = Makefile; sourceTree = "<group>"; };
		A7F8BFCF1922264C0007A716 /* j.stencil%.yml */ = {isa = PBXFileReference; lastKnownFileType = text; path = "j.stencil%.yml"; sourceTree = "<group>"; };
		D27A2E6D161AFD6400A79F00 /* j.stencil.cpp */ = {isa = PBXFileReference; fileEncoding = 4; lastKnownFileType = sourcecode.cpp.cpp; path = j.stencil.cpp; sourceTree = "<group>"; };
/* End PBXFileReference section */

/* Begin PBXGroup section */
		08FB7794FE84155DC02AAC07 /* j.stencil */ = {
			isa = PBXGroup;
			children = (
				A7F8BFCE1922264C0007A716 /* Makefile */,
				A7F8BFCF1922264C0007A716 /* j.stencil%.yml */,
				A7F8BFCD1922263C0007A716 /* Sources */,
			);
			name = j.stencil;
			sourceTree = "<group>";
		};
		A7F8BFCD1922263C0007A716 /* Sources */ = {
			isa = PBXGroup;
			children = (
				D27A2E6D161AFD6400A79F00 /* j.stencil.cpp */,
				A7F8BFCC192226380007A716 /* j.max.stencil.cpp */,
			);
			name = Sources;
			sourceTree = "<group>";
		};
/* End PBXGroup section */

/* Begin PBXLegacyTarget section */
		D28A88AD04BDD90700651E21 /* j.stencil */ = {
			isa = PBXLegacyTarget;
			buildArgumentsString = "$(ACTION) $(CONFIGURATION)";
			buildConfigurationList = 1DEB918F08733D9F0010E9CD /* Build configuration list for PBXLegacyTarget "j.stencil" */;
			buildPhases = (
			);
			buildToolPath = /usr/bin/make;
			dependencies = (
			);
			name = j.stencil;
			passBuildSettingsInEnvironment = 1;
			productName = j.stencil;
		};
/* End PBXLegacyTarget section */

/* Begin PBXProject section */
		08FB7793FE84155DC02AAC07 /* Project object */ = {
			isa = PBXProject;
			attributes = {
				LastUpgradeCheck = 0450;
			};
			buildConfigurationList = 1DEB919308733D9F0010E9CD /* Build configuration list for PBXProject "j.stencil" */;
			compatibilityVersion = "Xcode 3.2";
			developmentRegion = English;
			hasScannedForEncodings = 1;
			knownRegions = (
				English,
				Japanese,
				French,
				German,
			);
			mainGroup = 08FB7794FE84155DC02AAC07 /* j.stencil */;
			projectDirPath = "";
			projectRoot = "";
			targets = (
				D28A88AD04BDD90700651E21 /* j.stencil */,
			);
		};
/* End PBXProject section */

/* Begin XCBuildConfiguration section */
		1DEB919008733D9F0010E9CD /* Debug */ = {
			isa = XCBuildConfiguration;
			buildSettings = {
				COMBINE_HIDPI_IMAGES = YES;
				COPY_PHASE_STRIP = NO;
				DEBUGGING_SYMBOLS = YES;
				GCC_DYNAMIC_NO_PIC = NO;
				GCC_GENERATE_DEBUGGING_SYMBOLS = YES;
				GCC_OPTIMIZATION_LEVEL = 0;
				OTHER_CFLAGS = "";
				OTHER_LDFLAGS = "";
				PRODUCT_NAME = j.stencil;
			};
			name = Debug;
		};
		1DEB919108733D9F0010E9CD /* Release */ = {
			isa = XCBuildConfiguration;
			buildSettings = {
				COMBINE_HIDPI_IMAGES = YES;
				COPY_PHASE_STRIP = YES;
				OTHER_CFLAGS = "";
				OTHER_LDFLAGS = "";
				PRODUCT_NAME = j.stencil;
			};
			name = Release;
		};
		1DEB919408733D9F0010E9CD /* Debug */ = {
			isa = XCBuildConfiguration;
			buildSettings = {
				ARCHS = (
					"$(ARCHS_STANDARD_64_BIT)",
					"$(ARCHS_STANDARD_32_BIT)",
				);
				GCC_WARN_ABOUT_RETURN_TYPE = YES;
				GCC_WARN_UNUSED_VARIABLE = YES;
				ONLY_ACTIVE_ARCH = YES;
				SDKROOT = macosx;
			};
			name = Debug;
		};
		1DEB919508733D9F0010E9CD /* Release */ = {
			isa = XCBuildConfiguration;
			buildSettings = {
				ARCHS = "$(ARCHS_STANDARD_32_BIT)";
				GCC_WARN_ABOUT_RETURN_TYPE = YES;
				GCC_WARN_UNUSED_VARIABLE = YES;
				SDKROOT = macosx;
			};
			name = Release;
		};
/* End XCBuildConfiguration section */

/* Begin XCConfigurationList section */
		1DEB918F08733D9F0010E9CD /* Build configuration list for PBXLegacyTarget "j.stencil" */ = {
			isa = XCConfigurationList;
			buildConfigurations = (
				1DEB919008733D9F0010E9CD /* Debug */,
				1DEB919108733D9F0010E9CD /* Release */,
			);
			defaultConfigurationIsVisible = 0;
			defaultConfigurationName = Release;
		};
		1DEB919308733D9F0010E9CD /* Build configuration list for PBXProject "j.stencil" */ = {
			isa = XCConfigurationList;
			buildConfigurations = (
				1DEB919408733D9F0010E9CD /* Debug */,
				1DEB919508733D9F0010E9CD /* Release */,
			);
			defaultConfigurationIsVisible = 0;
			defaultConfigurationName = Release;
		};
/* End XCConfigurationList section */
	};
	rootObject = 08FB7793FE84155DC02AAC07 /* Project object */;
}
