// !$*UTF8*$!
{
	archiveVersion = 1;
	classes = {
	};
	objectVersion = 46;
	objects = {

/* Begin PBXFileReference section */
		A72590D015188823004FBDF3 /* jcom.cubicInterpolate.cpp */ = {isa = PBXFileReference; lastKnownFileType = sourcecode.cpp.cpp; path = jcom.cubicInterpolate.cpp; sourceTree = "<group>"; };
/* End PBXFileReference section */

/* Begin PBXGroup section */
		A72590CE15188814004FBDF3 /* Sources */ = {
			isa = PBXGroup;
			children = (
				A72590D015188823004FBDF3 /* jcom.cubicInterpolate.cpp */,
			);
			name = Sources;
			sourceTree = "<group>";
		};
		A7768C571518865B00D38CC4 = {
			isa = PBXGroup;
			children = (
				A72590CE15188814004FBDF3 /* Sources */,
			);
			sourceTree = "<group>";
		};
/* End PBXGroup section */

/* Begin PBXLegacyTarget section */
		A7768C5E1518865D00D38CC4 /* jcom.cubicInterpolate */ = {
			isa = PBXLegacyTarget;
			buildArgumentsString = "$(ACTION) $(CONFIGURATION)";
			buildConfigurationList = A7768C611518865D00D38CC4 /* Build configuration list for PBXLegacyTarget "jcom.cubicInterpolate" */;
			buildPhases = (
			);
			buildToolPath = /usr/bin/make;
			buildWorkingDirectory = "";
			dependencies = (
			);
			name = jcom.cubicInterpolate;
			passBuildSettingsInEnvironment = 1;
			productName = jcom;
		};
/* End PBXLegacyTarget section */

/* Begin PBXProject section */
		A7768C591518865B00D38CC4 /* Project object */ = {
			isa = PBXProject;
			attributes = {
				LastUpgradeCheck = 0420;
				ORGANIZATIONNAME = "BEK - Bergen senter for elektronisk kunst";
			};
			buildConfigurationList = A7768C5C1518865C00D38CC4 /* Build configuration list for PBXProject "jcom.cubicInterpolate" */;
			compatibilityVersion = "Xcode 3.2";
			developmentRegion = English;
			hasScannedForEncodings = 0;
			knownRegions = (
				en,
			);
			mainGroup = A7768C571518865B00D38CC4;
			projectDirPath = "";
			projectRoot = "";
			targets = (
				A7768C5E1518865D00D38CC4 /* jcom.cubicInterpolate */,
			);
		};
/* End PBXProject section */

/* Begin XCBuildConfiguration section */
		A7768C5F1518865D00D38CC4 /* Debug */ = {
			isa = XCBuildConfiguration;
			buildSettings = {
				ALWAYS_SEARCH_USER_PATHS = NO;
				ARCHS = "$(ARCHS_STANDARD_64_BIT)";
				CLANG_ENABLE_OBJC_ARC = YES;
				COPY_PHASE_STRIP = NO;
				GCC_C_LANGUAGE_STANDARD = gnu99;
				GCC_DYNAMIC_NO_PIC = NO;
				GCC_ENABLE_OBJC_EXCEPTIONS = YES;
				GCC_OPTIMIZATION_LEVEL = 0;
				GCC_PREPROCESSOR_DEFINITIONS = (
					"DEBUG=1",
					"$(inherited)",
				);
				GCC_SYMBOLS_PRIVATE_EXTERN = NO;
				GCC_VERSION = com.apple.compilers.llvm.clang.1_0;
				GCC_WARN_64_TO_32_BIT_CONVERSION = YES;
				GCC_WARN_ABOUT_MISSING_PROTOTYPES = YES;
				GCC_WARN_ABOUT_RETURN_TYPE = YES;
				GCC_WARN_UNUSED_VARIABLE = YES;
				MACOSX_DEPLOYMENT_TARGET = 10.7;
				ONLY_ACTIVE_ARCH = YES;
				SDKROOT = macosx;
			};
			name = Debug;
		};
		A7768C601518865D00D38CC4 /* Release */ = {
			isa = XCBuildConfiguration;
			buildSettings = {
				ALWAYS_SEARCH_USER_PATHS = NO;
				ARCHS = "$(ARCHS_STANDARD_64_BIT)";
				CLANG_ENABLE_OBJC_ARC = YES;
				COPY_PHASE_STRIP = YES;
				DEBUG_INFORMATION_FORMAT = "dwarf-with-dsym";
				GCC_C_LANGUAGE_STANDARD = gnu99;
				GCC_ENABLE_OBJC_EXCEPTIONS = YES;
				GCC_VERSION = com.apple.compilers.llvm.clang.1_0;
				GCC_WARN_64_TO_32_BIT_CONVERSION = YES;
				GCC_WARN_ABOUT_MISSING_PROTOTYPES = YES;
				GCC_WARN_ABOUT_RETURN_TYPE = YES;
				GCC_WARN_UNUSED_VARIABLE = YES;
				MACOSX_DEPLOYMENT_TARGET = 10.7;
				SDKROOT = macosx;
			};
			name = Release;
		};
		A7768C621518865D00D38CC4 /* Debug */ = {
			isa = XCBuildConfiguration;
			buildSettings = {
				DEBUGGING_SYMBOLS = YES;
				GCC_GENERATE_DEBUGGING_SYMBOLS = YES;
				GCC_OPTIMIZATION_LEVEL = 0;
				OTHER_CFLAGS = "";
				OTHER_LDFLAGS = "";
				PRODUCT_NAME = jcom.cubicInterpolate;
			};
			name = Debug;
		};
		A7768C631518865D00D38CC4 /* Release */ = {
			isa = XCBuildConfiguration;
			buildSettings = {
				OTHER_CFLAGS = "";
				OTHER_LDFLAGS = "";
				PRODUCT_NAME = jcom.cubicInterpolate;
			};
			name = Release;
		};
/* End XCBuildConfiguration section */

/* Begin XCConfigurationList section */
		A7768C5C1518865C00D38CC4 /* Build configuration list for PBXProject "jcom.cubicInterpolate" */ = {
			isa = XCConfigurationList;
			buildConfigurations = (
				A7768C5F1518865D00D38CC4 /* Debug */,
				A7768C601518865D00D38CC4 /* Release */,
			);
			defaultConfigurationIsVisible = 0;
			defaultConfigurationName = Release;
		};
		A7768C611518865D00D38CC4 /* Build configuration list for PBXLegacyTarget "jcom.cubicInterpolate" */ = {
			isa = XCConfigurationList;
			buildConfigurations = (
				A7768C621518865D00D38CC4 /* Debug */,
				A7768C631518865D00D38CC4 /* Release */,
			);
			defaultConfigurationIsVisible = 0;
			defaultConfigurationName = Release;
		};
/* End XCConfigurationList section */
	};
	rootObject = A7768C591518865B00D38CC4 /* Project object */;
}
