// !$*UTF8*$!
{
	archiveVersion = 1;
	classes = {
	};
	objectVersion = 46;
	objects = {

/* Begin PBXFileReference section */
		A75C3E0E151889BB00774BD7 /* jcom.dbapBformat.h */ = {isa = PBXFileReference; lastKnownFileType = sourcecode.c.h; path = jcom.dbapBformat.h; sourceTree = "<group>"; };
		A75C3E0F151889BB00774BD7 /* jcom.dbapBformat.cpp */ = {isa = PBXFileReference; lastKnownFileType = sourcecode.cpp.cpp; path = jcom.dbapBformat.cpp; sourceTree = "<group>"; };
/* End PBXFileReference section */

/* Begin PBXGroup section */
		A75C3DFC1518897F00774BD7 = {
			isa = PBXGroup;
			children = (
				A75C3E0D151889AC00774BD7 /* Sources */,
			);
			sourceTree = "<group>";
		};
		A75C3E0D151889AC00774BD7 /* Sources */ = {
			isa = PBXGroup;
			children = (
				A75C3E0E151889BB00774BD7 /* jcom.dbapBformat.h */,
				A75C3E0F151889BB00774BD7 /* jcom.dbapBformat.cpp */,
			);
			name = Sources;
			sourceTree = "<group>";
		};
/* End PBXGroup section */

/* Begin PBXLegacyTarget section */
		A75C3E031518897F00774BD7 /* jcom.dbapBformat */ = {
			isa = PBXLegacyTarget;
			buildArgumentsString = "$(ACTION) $(CONFIGURATION)";
			buildConfigurationList = A75C3E061518897F00774BD7 /* Build configuration list for PBXLegacyTarget "jcom.dbapBformat" */;
			buildPhases = (
			);
			buildToolPath = /usr/bin/make;
			buildWorkingDirectory = "";
			dependencies = (
			);
			name = jcom.dbapBformat;
			passBuildSettingsInEnvironment = 1;
			productName = jcom;
		};
/* End PBXLegacyTarget section */

/* Begin PBXProject section */
		A75C3DFE1518897F00774BD7 /* Project object */ = {
			isa = PBXProject;
			attributes = {
				LastUpgradeCheck = 0450;
				ORGANIZATIONNAME = "BEK - Bergen senter for elektronisk kunst";
			};
			buildConfigurationList = A75C3E011518897F00774BD7 /* Build configuration list for PBXProject "jcom.dbapBformat" */;
			compatibilityVersion = "Xcode 3.2";
			developmentRegion = English;
			hasScannedForEncodings = 0;
			knownRegions = (
				en,
			);
			mainGroup = A75C3DFC1518897F00774BD7;
			projectDirPath = "";
			projectRoot = "";
			targets = (
				A75C3E031518897F00774BD7 /* jcom.dbapBformat */,
			);
		};
/* End PBXProject section */

/* Begin XCBuildConfiguration section */
		A75C3E041518897F00774BD7 /* Debug */ = {
			isa = XCBuildConfiguration;
			buildSettings = {
				ALWAYS_SEARCH_USER_PATHS = NO;
				ARCHS = "$(ARCHS_STANDARD_64_BIT)";
				CLANG_ENABLE_OBJC_ARC = YES;
				COPY_PHASE_STRIP = NO;
				GCC_C_LANGUAGE_STANDARD = gnu99;
				GCC_DYNAMIC_NO_PIC = NO;
				GCC_ENABLE_OBJC_EXCEPTIONS = YES;
				GCC_OPTIMIZATION_LEVEL = 0;
				GCC_PREPROCESSOR_DEFINITIONS = (
					"DEBUG=1",
					"$(inherited)",
				);
				GCC_SYMBOLS_PRIVATE_EXTERN = NO;
				GCC_VERSION = com.apple.compilers.llvm.clang.1_0;
				GCC_WARN_64_TO_32_BIT_CONVERSION = YES;
				GCC_WARN_ABOUT_MISSING_PROTOTYPES = YES;
				GCC_WARN_ABOUT_RETURN_TYPE = YES;
				GCC_WARN_UNUSED_VARIABLE = YES;
				MACOSX_DEPLOYMENT_TARGET = 10.7;
				ONLY_ACTIVE_ARCH = YES;
				SDKROOT = macosx;
			};
			name = Debug;
		};
		A75C3E051518897F00774BD7 /* Release */ = {
			isa = XCBuildConfiguration;
			buildSettings = {
				ALWAYS_SEARCH_USER_PATHS = NO;
				ARCHS = "$(ARCHS_STANDARD_64_BIT)";
				CLANG_ENABLE_OBJC_ARC = YES;
				COPY_PHASE_STRIP = YES;
				DEBUG_INFORMATION_FORMAT = "dwarf-with-dsym";
				GCC_C_LANGUAGE_STANDARD = gnu99;
				GCC_ENABLE_OBJC_EXCEPTIONS = YES;
				GCC_VERSION = com.apple.compilers.llvm.clang.1_0;
				GCC_WARN_64_TO_32_BIT_CONVERSION = YES;
				GCC_WARN_ABOUT_MISSING_PROTOTYPES = YES;
				GCC_WARN_ABOUT_RETURN_TYPE = YES;
				GCC_WARN_UNUSED_VARIABLE = YES;
				MACOSX_DEPLOYMENT_TARGET = 10.7;
				SDKROOT = macosx;
			};
			name = Release;
		};
		A75C3E071518897F00774BD7 /* Debug */ = {
			isa = XCBuildConfiguration;
			buildSettings = {
				COMBINE_HIDPI_IMAGES = YES;
				DEBUGGING_SYMBOLS = YES;
				GCC_GENERATE_DEBUGGING_SYMBOLS = YES;
				GCC_OPTIMIZATION_LEVEL = 0;
				OTHER_CFLAGS = "";
				OTHER_LDFLAGS = "";
				PRODUCT_NAME = jcom.dbapBformat;
			};
			name = Debug;
		};
		A75C3E081518897F00774BD7 /* Release */ = {
			isa = XCBuildConfiguration;
			buildSettings = {
				COMBINE_HIDPI_IMAGES = YES;
				OTHER_CFLAGS = "";
				OTHER_LDFLAGS = "";
				PRODUCT_NAME = jcom.dbapBformat;
			};
			name = Release;
		};
/* End XCBuildConfiguration section */

/* Begin XCConfigurationList section */
		A75C3E011518897F00774BD7 /* Build configuration list for PBXProject "jcom.dbapBformat" */ = {
			isa = XCConfigurationList;
			buildConfigurations = (
				A75C3E041518897F00774BD7 /* Debug */,
				A75C3E051518897F00774BD7 /* Release */,
			);
			defaultConfigurationIsVisible = 0;
			defaultConfigurationName = Release;
		};
		A75C3E061518897F00774BD7 /* Build configuration list for PBXLegacyTarget "jcom.dbapBformat" */ = {
			isa = XCConfigurationList;
			buildConfigurations = (
				A75C3E071518897F00774BD7 /* Debug */,
				A75C3E081518897F00774BD7 /* Release */,
			);
			defaultConfigurationIsVisible = 0;
			defaultConfigurationName = Release;
		};
/* End XCConfigurationList section */
	};
	rootObject = A75C3DFE1518897F00774BD7 /* Project object */;
}
