// !$*UTF8*$!
{
	archiveVersion = 1;
	classes = {
	};
	objectVersion = 46;
	objects = {

/* Begin PBXFileReference section */
		A7D5FC5D15188B3E00B3F1CC /* jcom.envexp.cpp */ = {isa = PBXFileReference; lastKnownFileType = sourcecode.cpp.cpp; path = jcom.envexp.cpp; sourceTree = "<group>"; };
/* End PBXFileReference section */

/* Begin PBXGroup section */
		A7D5FC4B15188AF500B3F1CC = {
			isa = PBXGroup;
			children = (
				A7D5FC5C15188B3000B3F1CC /* Sources */,
			);
			sourceTree = "<group>";
		};
		A7D5FC5C15188B3000B3F1CC /* Sources */ = {
			isa = PBXGroup;
			children = (
				A7D5FC5D15188B3E00B3F1CC /* jcom.envexp.cpp */,
			);
			name = Sources;
			sourceTree = "<group>";
		};
/* End PBXGroup section */

/* Begin PBXLegacyTarget section */
		A7D5FC5215188AF500B3F1CC /* jcom.envexp */ = {
			isa = PBXLegacyTarget;
			buildArgumentsString = "$(ACTION) $(CONFIGURATION)";
			buildConfigurationList = A7D5FC5515188AF500B3F1CC /* Build configuration list for PBXLegacyTarget "jcom.envexp" */;
			buildPhases = (
			);
			buildToolPath = /usr/bin/make;
			buildWorkingDirectory = "";
			dependencies = (
			);
			name = jcom.envexp;
			passBuildSettingsInEnvironment = 1;
			productName = jcom;
		};
/* End PBXLegacyTarget section */

/* Begin PBXProject section */
		A7D5FC4D15188AF500B3F1CC /* Project object */ = {
			isa = PBXProject;
			attributes = {
				LastUpgradeCheck = 0450;
				ORGANIZATIONNAME = "BEK - Bergen senter for elektronisk kunst";
			};
			buildConfigurationList = A7D5FC5015188AF500B3F1CC /* Build configuration list for PBXProject "jcom.envexp" */;
			compatibilityVersion = "Xcode 3.2";
			developmentRegion = English;
			hasScannedForEncodings = 0;
			knownRegions = (
				en,
			);
			mainGroup = A7D5FC4B15188AF500B3F1CC;
			projectDirPath = "";
			projectRoot = "";
			targets = (
				A7D5FC5215188AF500B3F1CC /* jcom.envexp */,
			);
		};
/* End PBXProject section */

/* Begin XCBuildConfiguration section */
		A7D5FC5315188AF500B3F1CC /* Debug */ = {
			isa = XCBuildConfiguration;
			buildSettings = {
				ALWAYS_SEARCH_USER_PATHS = NO;
				ARCHS = "$(ARCHS_STANDARD_64_BIT)";
				CLANG_ENABLE_OBJC_ARC = YES;
				COPY_PHASE_STRIP = NO;
				GCC_C_LANGUAGE_STANDARD = gnu99;
				GCC_DYNAMIC_NO_PIC = NO;
				GCC_ENABLE_OBJC_EXCEPTIONS = YES;
				GCC_OPTIMIZATION_LEVEL = 0;
				GCC_PREPROCESSOR_DEFINITIONS = (
					"DEBUG=1",
					"$(inherited)",
				);
				GCC_SYMBOLS_PRIVATE_EXTERN = NO;
				GCC_VERSION = com.apple.compilers.llvm.clang.1_0;
				GCC_WARN_64_TO_32_BIT_CONVERSION = YES;
				GCC_WARN_ABOUT_MISSING_PROTOTYPES = YES;
				GCC_WARN_ABOUT_RETURN_TYPE = YES;
				GCC_WARN_UNUSED_VARIABLE = YES;
				MACOSX_DEPLOYMENT_TARGET = 10.7;
				ONLY_ACTIVE_ARCH = YES;
				SDKROOT = macosx;
			};
			name = Debug;
		};
		A7D5FC5415188AF500B3F1CC /* Release */ = {
			isa = XCBuildConfiguration;
			buildSettings = {
				ALWAYS_SEARCH_USER_PATHS = NO;
				ARCHS = "$(ARCHS_STANDARD_64_BIT)";
				CLANG_ENABLE_OBJC_ARC = YES;
				COPY_PHASE_STRIP = YES;
				DEBUG_INFORMATION_FORMAT = "dwarf-with-dsym";
				GCC_C_LANGUAGE_STANDARD = gnu99;
				GCC_ENABLE_OBJC_EXCEPTIONS = YES;
				GCC_VERSION = com.apple.compilers.llvm.clang.1_0;
				GCC_WARN_64_TO_32_BIT_CONVERSION = YES;
				GCC_WARN_ABOUT_MISSING_PROTOTYPES = YES;
				GCC_WARN_ABOUT_RETURN_TYPE = YES;
				GCC_WARN_UNUSED_VARIABLE = YES;
				MACOSX_DEPLOYMENT_TARGET = 10.7;
				SDKROOT = macosx;
			};
			name = Release;
		};
		A7D5FC5615188AF500B3F1CC /* Debug */ = {
			isa = XCBuildConfiguration;
			buildSettings = {
				COMBINE_HIDPI_IMAGES = YES;
				DEBUGGING_SYMBOLS = YES;
				GCC_GENERATE_DEBUGGING_SYMBOLS = YES;
				GCC_OPTIMIZATION_LEVEL = 0;
				OTHER_CFLAGS = "";
				OTHER_LDFLAGS = "";
				PRODUCT_NAME = jcom.envexp;
			};
			name = Debug;
		};
		A7D5FC5715188AF500B3F1CC /* Release */ = {
			isa = XCBuildConfiguration;
			buildSettings = {
				COMBINE_HIDPI_IMAGES = YES;
				OTHER_CFLAGS = "";
				OTHER_LDFLAGS = "";
				PRODUCT_NAME = jcom.envexp;
			};
			name = Release;
		};
/* End XCBuildConfiguration section */

/* Begin XCConfigurationList section */
		A7D5FC5015188AF500B3F1CC /* Build configuration list for PBXProject "jcom.envexp" */ = {
			isa = XCConfigurationList;
			buildConfigurations = (
				A7D5FC5315188AF500B3F1CC /* Debug */,
				A7D5FC5415188AF500B3F1CC /* Release */,
			);
			defaultConfigurationIsVisible = 0;
			defaultConfigurationName = Release;
		};
		A7D5FC5515188AF500B3F1CC /* Build configuration list for PBXLegacyTarget "jcom.envexp" */ = {
			isa = XCConfigurationList;
			buildConfigurations = (
				A7D5FC5615188AF500B3F1CC /* Debug */,
				A7D5FC5715188AF500B3F1CC /* Release */,
			);
			defaultConfigurationIsVisible = 0;
			defaultConfigurationName = Release;
		};
/* End XCConfigurationList section */
	};
	rootObject = A7D5FC4D15188AF500B3F1CC /* Project object */;
}
