// !$*UTF8*$!
{
	archiveVersion = 1;
	classes = {
	};
	objectVersion = 46;
	objects = {

/* Begin PBXFileReference section */
		A746B327192E909D0074DE9E /* Info.plist */ = {isa = PBXFileReference; lastKnownFileType = text.plist.xml; path = Info.plist; sourceTree = "<group>"; };
		A746B328192E909D0074DE9E /* j.plug.out.cpp */ = {isa = PBXFileReference; lastKnownFileType = sourcecode.cpp.cpp; path = j.plug.out.cpp; sourceTree = "<group>"; };
		A746B329192E909D0074DE9E /* j.plug.out.export.mm */ = {isa = PBXFileReference; lastKnownFileType = sourcecode.cpp.objcpp; path = j.plug.out.export.mm; sourceTree = "<group>"; };
		A746B32A192E909D0074DE9E /* j.plug.out.h */ = {isa = PBXFileReference; lastKnownFileType = sourcecode.c.h; path = j.plug.out.h; sourceTree = "<group>"; };
		A746B32B192E909D0074DE9E /* j.plug.out=.yml */ = {isa = PBXFileReference; lastKnownFileType = text; path = "j.plug.out=.yml"; sourceTree = "<group>"; };
		A746B32C192E909D0074DE9E /* Makefile */ = {isa = PBXFileReference; lastKnownFileType = sourcecode.make; path = Makefile; sourceTree = "<group>"; };
		A746B32D192E909D0074DE9E /* PlugtasticProgressWindow.h */ = {isa = PBXFileReference; lastKnownFileType = sourcecode.c.h; path = PlugtasticProgressWindow.h; sourceTree = "<group>"; };
		A746B32E192E909D0074DE9E /* PlugtasticProgressWindow.mm */ = {isa = PBXFileReference; lastKnownFileType = sourcecode.cpp.objcpp; path = PlugtasticProgressWindow.mm; sourceTree = "<group>"; };
/* End PBXFileReference section */

/* Begin PBXGroup section */
		A746B31C192E90780074DE9E = {
			isa = PBXGroup;
			children = (
				A746B32C192E909D0074DE9E /* Makefile */,
				A746B32B192E909D0074DE9E /* j.plug.out=.yml */,
				A746B327192E909D0074DE9E /* Info.plist */,
				A746B328192E909D0074DE9E /* j.plug.out.cpp */,
				A746B329192E909D0074DE9E /* j.plug.out.export.mm */,
				A746B32A192E909D0074DE9E /* j.plug.out.h */,
				A746B32D192E909D0074DE9E /* PlugtasticProgressWindow.h */,
				A746B32E192E909D0074DE9E /* PlugtasticProgressWindow.mm */,
			);
			sourceTree = "<group>";
		};
/* End PBXGroup section */

/* Begin PBXLegacyTarget section */
		A746B321192E90780074DE9E /* j.plug.out= */ = {
			isa = PBXLegacyTarget;
			buildArgumentsString = "$(ACTION)";
			buildConfigurationList = A746B324192E90780074DE9E /* Build configuration list for PBXLegacyTarget "j.plug.out=" */;
			buildPhases = (
			);
			buildToolPath = /usr/bin/make;
			dependencies = (
			);
			name = "j.plug.out=";
			passBuildSettingsInEnvironment = 1;
			productName = "j.plug.out=";
		};
/* End PBXLegacyTarget section */

/* Begin PBXProject section */
		A746B31D192E90780074DE9E /* Project object */ = {
			isa = PBXProject;
			attributes = {
				LastUpgradeCheck = 0510;
				ORGANIZATIONNAME = org.jamoma;
			};
			buildConfigurationList = A746B320192E90780074DE9E /* Build configuration list for PBXProject "j.plug.out=" */;
			compatibilityVersion = "Xcode 3.2";
			developmentRegion = English;
			hasScannedForEncodings = 0;
			knownRegions = (
				en,
			);
			mainGroup = A746B31C192E90780074DE9E;
			projectDirPath = "";
			projectRoot = "";
			targets = (
				A746B321192E90780074DE9E /* j.plug.out= */,
			);
		};
/* End PBXProject section */

/* Begin XCBuildConfiguration section */
		A746B322192E90780074DE9E /* Debug */ = {
			isa = XCBuildConfiguration;
			buildSettings = {
				ALWAYS_SEARCH_USER_PATHS = NO;
				CLANG_CXX_LANGUAGE_STANDARD = "gnu++0x";
				CLANG_CXX_LIBRARY = "libc++";
				CLANG_ENABLE_MODULES = YES;
				CLANG_ENABLE_OBJC_ARC = YES;
				CLANG_WARN_BOOL_CONVERSION = YES;
				CLANG_WARN_CONSTANT_CONVERSION = YES;
				CLANG_WARN_DIRECT_OBJC_ISA_USAGE = YES_ERROR;
				CLANG_WARN_EMPTY_BODY = YES;
				CLANG_WARN_ENUM_CONVERSION = YES;
				CLANG_WARN_INT_CONVERSION = YES;
				CLANG_WARN_OBJC_ROOT_CLASS = YES_ERROR;
				CLANG_WARN__DUPLICATE_METHOD_MATCH = YES;
				COPY_PHASE_STRIP = NO;
				GCC_C_LANGUAGE_STANDARD = gnu99;
				GCC_DYNAMIC_NO_PIC = NO;
				GCC_ENABLE_OBJC_EXCEPTIONS = YES;
				GCC_OPTIMIZATION_LEVEL = 0;
				GCC_PREPROCESSOR_DEFINITIONS = (
					"DEBUG=1",
					"$(inherited)",
				);
				GCC_SYMBOLS_PRIVATE_EXTERN = NO;
				GCC_WARN_64_TO_32_BIT_CONVERSION = YES;
				GCC_WARN_ABOUT_RETURN_TYPE = YES_ERROR;
				GCC_WARN_UNDECLARED_SELECTOR = YES;
				GCC_WARN_UNINITIALIZED_AUTOS = YES_AGGRESSIVE;
				GCC_WARN_UNUSED_FUNCTION = YES;
				GCC_WARN_UNUSED_VARIABLE = YES;
				MACOSX_DEPLOYMENT_TARGET = 10.9;
				ONLY_ACTIVE_ARCH = YES;
				SDKROOT = macosx;
			};
			name = Debug;
		};
		A746B323192E90780074DE9E /* Release */ = {
			isa = XCBuildConfiguration;
			buildSettings = {
				ALWAYS_SEARCH_USER_PATHS = NO;
				CLANG_CXX_LANGUAGE_STANDARD = "gnu++0x";
				CLANG_CXX_LIBRARY = "libc++";
				CLANG_ENABLE_MODULES = YES;
				CLANG_ENABLE_OBJC_ARC = YES;
				CLANG_WARN_BOOL_CONVERSION = YES;
				CLANG_WARN_CONSTANT_CONVERSION = YES;
				CLANG_WARN_DIRECT_OBJC_ISA_USAGE = YES_ERROR;
				CLANG_WARN_EMPTY_BODY = YES;
				CLANG_WARN_ENUM_CONVERSION = YES;
				CLANG_WARN_INT_CONVERSION = YES;
				CLANG_WARN_OBJC_ROOT_CLASS = YES_ERROR;
				CLANG_WARN__DUPLICATE_METHOD_MATCH = YES;
				COPY_PHASE_STRIP = YES;
				DEBUG_INFORMATION_FORMAT = "dwarf-with-dsym";
				ENABLE_NS_ASSERTIONS = NO;
				GCC_C_LANGUAGE_STANDARD = gnu99;
				GCC_ENABLE_OBJC_EXCEPTIONS = YES;
				GCC_WARN_64_TO_32_BIT_CONVERSION = YES;
				GCC_WARN_ABOUT_RETURN_TYPE = YES_ERROR;
				GCC_WARN_UNDECLARED_SELECTOR = YES;
				GCC_WARN_UNINITIALIZED_AUTOS = YES_AGGRESSIVE;
				GCC_WARN_UNUSED_FUNCTION = YES;
				GCC_WARN_UNUSED_VARIABLE = YES;
				MACOSX_DEPLOYMENT_TARGET = 10.9;
				SDKROOT = macosx;
			};
			name = Release;
		};
		A746B325192E90780074DE9E /* Debug */ = {
			isa = XCBuildConfiguration;
			buildSettings = {
				DEBUGGING_SYMBOLS = YES;
				GCC_GENERATE_DEBUGGING_SYMBOLS = YES;
				GCC_OPTIMIZATION_LEVEL = 0;
				OTHER_CFLAGS = "";
				OTHER_LDFLAGS = "";
				PRODUCT_NAME = "$(TARGET_NAME)";
			};
			name = Debug;
		};
		A746B326192E90780074DE9E /* Release */ = {
			isa = XCBuildConfiguration;
			buildSettings = {
				OTHER_CFLAGS = "";
				OTHER_LDFLAGS = "";
				PRODUCT_NAME = "$(TARGET_NAME)";
			};
			name = Release;
		};
/* End XCBuildConfiguration section */

/* Begin XCConfigurationList section */
		A746B320192E90780074DE9E /* Build configuration list for PBXProject "j.plug.out=" */ = {
			isa = XCConfigurationList;
			buildConfigurations = (
				A746B322192E90780074DE9E /* Debug */,
				A746B323192E90780074DE9E /* Release */,
			);
			defaultConfigurationIsVisible = 0;
			defaultConfigurationName = Release;
		};
		A746B324192E90780074DE9E /* Build configuration list for PBXLegacyTarget "j.plug.out=" */ = {
			isa = XCConfigurationList;
			buildConfigurations = (
				A746B325192E90780074DE9E /* Debug */,
				A746B326192E90780074DE9E /* Release */,
			);
			defaultConfigurationIsVisible = 0;
			defaultConfigurationName = Release;
		};
/* End XCConfigurationList section */
	};
	rootObject = A746B31D192E90780074DE9E /* Project object */;
}
